
Microsoft Visual Studio Solution File, Format Version 12.00
# Visual Studio Version 16
VisualStudioVersion = 16.0.31729.503
MinimumVisualStudioVersion = 10.0.40219.1
Project("{FAE04EC0-301F-11D3-BF4B-00C04F79EFBC}") = "Raducu_Alexandru_Gabriel_Lab5", "Raducu_Alexandru_Gabriel_Lab5.csproj", "{97928AB2-ABFE-4AFC-B90E-02B62FE0358A}"
EndProject
Project("{FAE04EC0-301F-11D3-BF4B-00C04F79EFBC}") = "AutoLotModel", "..\AutoLotModel\AutoLotModel.csproj", "{76C3BCD5-9EA0-486A-A9A2-56DC731BA3FC}"
EndProject
Global
	GlobalSection(SolutionConfigurationPlatforms) = preSolution
		Debug|Any CPU = Debug|Any CPU
		Release|Any CPU = Release|Any CPU
	EndGlobalSection
	GlobalSection(ProjectConfigurationPlatforms) = postSolution
		{97928AB2-ABFE-4AFC-B90E-02B62FE0358A}.Debug|Any CPU.ActiveCfg = Debug|Any CPU
		{97928AB2-ABFE-4AFC-B90E-02B62FE0358A}.Debug|Any CPU.Build.0 = Debug|Any CPU
		{97928AB2-ABFE-4AFC-B90E-02B62FE0358A}.Release|Any CPU.ActiveCfg = Release|Any CPU
		{97928AB2-ABFE-4AFC-B90E-02B62FE0358A}.Release|Any CPU.Build.0 = Release|Any CPU
		{76C3BCD5-9EA0-486A-A9A2-56DC731BA3FC}.Debug|Any CPU.ActiveCfg = Debug|Any CPU
		{76C3BCD5-9EA0-486A-A9A2-56DC731BA3FC}.Debug|Any CPU.Build.0 = Debug|Any CPU
		{76C3BCD5-9EA0-486A-A9A2-56DC731BA3FC}.Release|Any CPU.ActiveCfg = Release|Any CPU
		{76C3BCD5-9EA0-486A-A9A2-56DC731BA3FC}.Release|Any CPU.Build.0 = Release|Any CPU
	EndGlobalSection
	GlobalSection(SolutionProperties) = preSolution
		HideSolutionNode = FALSE
	EndGlobalSection
	GlobalSection(ExtensibilityGlobals) = postSolution
		SolutionGuid = {3E3EB962-6CF8-4F99-8F3F-D7D9D826A03E}
	EndGlobalSection
EndGlobal
